
Microsoft Visual Studio Solution File, Format Version 12.00
# Visual Studio Version 16
VisualStudioVersion = 16.0.31624.102
MinimumVisualStudioVersion = 10.0.40219.1
Project("{9A19103F-16F7-4668-BE54-9A1E7A4F7556}") = "PieceworkPayroll-NicholasShortt", "PieceworkPayroll-NicholasShortt.csproj", "{E700D1EF-FC7C-48BB-9B5A-879A607D3674}"
EndProject
Project("{2150E333-8FDC-42A3-9474-1A3956D46DE8}") = "Solution Items", "Solution Items", "{9FE62EC6-75DD-44DE-85DE-4D6F19EB8F16}"
	ProjectSection(SolutionItems) = preProject
		IncIncLogo 48x48.ico = IncIncLogo 48x48.ico
	EndProjectSection
EndProject
Global
	GlobalSection(SolutionConfigurationPlatforms) = preSolution
		Debug|Any CPU = Debug|Any CPU
		Release|Any CPU = Release|Any CPU
	EndGlobalSection
	GlobalSection(ProjectConfigurationPlatforms) = postSolution
		{E700D1EF-FC7C-48BB-9B5A-879A607D3674}.Debug|Any CPU.ActiveCfg = Debug|Any CPU
		{E700D1EF-FC7C-48BB-9B5A-879A607D3674}.Debug|Any CPU.Build.0 = Debug|Any CPU
		{E700D1EF-FC7C-48BB-9B5A-879A607D3674}.Release|Any CPU.ActiveCfg = Release|Any CPU
		{E700D1EF-FC7C-48BB-9B5A-879A607D3674}.Release|Any CPU.Build.0 = Release|Any CPU
	EndGlobalSection
	GlobalSection(SolutionProperties) = preSolution
		HideSolutionNode = FALSE
	EndGlobalSection
	GlobalSection(ExtensibilityGlobals) = postSolution
		SolutionGuid = {E6C0686D-CED2-48EB-B2A2-79D51D9F5B50}
	EndGlobalSection
EndGlobal
